
Microsoft Visual Studio Solution File, Format Version 12.00
# Visual Studio Version 17
VisualStudioVersion = 17.4.33122.133
MinimumVisualStudioVersion = 10.0.40219.1
Project("{FAE04EC0-301F-11D3-BF4B-00C04F79EFBC}") = "HelloGithub", "HelloGithub\HelloGithub.csproj", "{2F4168FD-2453-4CDD-A356-D898506F8D37}"
EndProject
Global
	GlobalSection(SolutionConfigurationPlatforms) = preSolution
		Debug|Any CPU = Debug|Any CPU
		Release|Any CPU = Release|Any CPU
	EndGlobalSection
	GlobalSection(ProjectConfigurationPlatforms) = postSolution
		{2F4168FD-2453-4CDD-A356-D898506F8D37}.Debug|Any CPU.ActiveCfg = Debug|Any CPU
		{2F4168FD-2453-4CDD-A356-D898506F8D37}.Debug|Any CPU.Build.0 = Debug|Any CPU
		{2F4168FD-2453-4CDD-A356-D898506F8D37}.Release|Any CPU.ActiveCfg = Release|Any CPU
		{2F4168FD-2453-4CDD-A356-D898506F8D37}.Release|Any CPU.Build.0 = Release|Any CPU
	EndGlobalSection
	GlobalSection(SolutionProperties) = preSolution
		HideSolutionNode = FALSE
	EndGlobalSection
	GlobalSection(ExtensibilityGlobals) = postSolution
		SolutionGuid = {7944BD8F-B65A-4F56-A590-DD1275CE34FA}
	EndGlobalSection
EndGlobal
